<Solution>
  <Project Path="PetCare.API/PetCare.API.csproj" />
  <Project Path="PetCare.IntegrationEvents/PetCare.IntegrationEvents.csproj" />
  <Project Path="PetCare.Modules.Billing/PetCare.Modules.Billing.csproj" />
  <Project Path="PetCare.Modules.Booking/PetCare.Modules.Booking.csproj" />
  <Project Path="PetCare.Modules.IdentityAndPets/PetCare.Modules.IdentityAndPets.csproj" />
  <Project Path="PetCare.Modules.Providers/PetCare.Modules.Providers.csproj" />
</Solution>
